// !$*UTF8*$!
{
	archiveVersion = 1;
	classes = {
	};
	objectVersion = 56;
	objects = {

/* Begin PBXBuildFile section */
		05445E252C2341A400DD5F54 /* CategoryCollectionViewCell.swift in Sources */ = {isa = PBXBuildFile; fileRef = 05445E242C2341A400DD5F54 /* CategoryCollectionViewCell.swift */; };
		05445E272C2378E200DD5F54 /* CoreDataService.swift in Sources */ = {isa = PBXBuildFile; fileRef = 05445E262C2378E200DD5F54 /* CoreDataService.swift */; };
		05445E292C23791A00DD5F54 /* CoreDataServiceProtocol.swift in Sources */ = {isa = PBXBuildFile; fileRef = 05445E282C23791A00DD5F54 /* CoreDataServiceProtocol.swift */; };
		05445E2B2C237A4C00DD5F54 /* CoreDataService+News.swift in Sources */ = {isa = PBXBuildFile; fileRef = 05445E2A2C237A4C00DD5F54 /* CoreDataService+News.swift */; };
		05445E492C242DF300DD5F54 /* CDNewsInfo+CoreDataClass.swift in Sources */ = {isa = PBXBuildFile; fileRef = 05445E472C242DF300DD5F54 /* CDNewsInfo+CoreDataClass.swift */; };
		05445E4A2C242DF300DD5F54 /* CDNewsInfo+CoreDataProperties.swift in Sources */ = {isa = PBXBuildFile; fileRef = 05445E482C242DF300DD5F54 /* CDNewsInfo+CoreDataProperties.swift */; };
		05445E4C2C24599D00DD5F54 /* DateFormatterHelper.swift in Sources */ = {isa = PBXBuildFile; fileRef = 05445E4B2C24599D00DD5F54 /* DateFormatterHelper.swift */; };
		05445E4E2C24690300DD5F54 /* BookmarkViewController.swift in Sources */ = {isa = PBXBuildFile; fileRef = 05445E4D2C24690300DD5F54 /* BookmarkViewController.swift */; };
		05445E512C246A0500DD5F54 /* BookmarkCell.swift in Sources */ = {isa = PBXBuildFile; fileRef = 05445E502C246A0500DD5F54 /* BookmarkCell.swift */; };
		05445E622C36E96B00DD5F54 /* BookmarkDetailsViewController.swift in Sources */ = {isa = PBXBuildFile; fileRef = 05445E612C36E96B00DD5F54 /* BookmarkDetailsViewController.swift */; };
		05445E642C37205200DD5F54 /* BookmarkDelegate.swift in Sources */ = {isa = PBXBuildFile; fileRef = 05445E632C37205200DD5F54 /* BookmarkDelegate.swift */; };
		05681D532C133EE70010F17E /* AppDelegate.swift in Sources */ = {isa = PBXBuildFile; fileRef = 05681D522C133EE70010F17E /* AppDelegate.swift */; };
		05681D552C133EE70010F17E /* SceneDelegate.swift in Sources */ = {isa = PBXBuildFile; fileRef = 05681D542C133EE70010F17E /* SceneDelegate.swift */; };
		05681D572C133EE70010F17E /* MainViewController.swift in Sources */ = {isa = PBXBuildFile; fileRef = 05681D562C133EE70010F17E /* MainViewController.swift */; };
		05681D5A2C133EE70010F17E /* Base in Resources */ = {isa = PBXBuildFile; fileRef = 05681D592C133EE70010F17E /* Base */; };
		05681D5D2C133EE70010F17E /* NewsClient.xcdatamodeld in Sources */ = {isa = PBXBuildFile; fileRef = 05681D5B2C133EE70010F17E /* NewsClient.xcdatamodeld */; };
		05681D5F2C133EE90010F17E /* Assets.xcassets in Resources */ = {isa = PBXBuildFile; fileRef = 05681D5E2C133EE90010F17E /* Assets.xcassets */; };
		05681D622C133EE90010F17E /* Base in Resources */ = {isa = PBXBuildFile; fileRef = 05681D612C133EE90010F17E /* Base */; };
		05681D742C135F6E0010F17E /* DMNewsInfo.swift in Sources */ = {isa = PBXBuildFile; fileRef = 05681D732C135F6E0010F17E /* DMNewsInfo.swift */; };
		05681D762C1367500010F17E /* NetworkService.swift in Sources */ = {isa = PBXBuildFile; fileRef = 05681D752C1367500010F17E /* NetworkService.swift */; };
		05681D782C1369BD0010F17E /* APIConstants.swift in Sources */ = {isa = PBXBuildFile; fileRef = 05681D772C1369BD0010F17E /* APIConstants.swift */; };
		05681D7A2C1371640010F17E /* NetworkServiceProtocol.swift in Sources */ = {isa = PBXBuildFile; fileRef = 05681D792C1371640010F17E /* NetworkServiceProtocol.swift */; };
		05681D7C2C1371B90010F17E /* Network + News.swift in Sources */ = {isa = PBXBuildFile; fileRef = 05681D7B2C1371B90010F17E /* Network + News.swift */; };
		05681D7E2C1372B70010F17E /* Country.swift in Sources */ = {isa = PBXBuildFile; fileRef = 05681D7D2C1372B70010F17E /* Country.swift */; };
		05681D812C137A7B0010F17E /* MainModel.swift in Sources */ = {isa = PBXBuildFile; fileRef = 05681D802C137A7B0010F17E /* MainModel.swift */; };
		05681D832C137A900010F17E /* MainModelProtocol.swift in Sources */ = {isa = PBXBuildFile; fileRef = 05681D822C137A900010F17E /* MainModelProtocol.swift */; };
		05681D852C137AA80010F17E /* MainModelDelegate.swift in Sources */ = {isa = PBXBuildFile; fileRef = 05681D842C137AA80010F17E /* MainModelDelegate.swift */; };
		05681D872C137BEC0010F17E /* ServiceProvider.swift in Sources */ = {isa = PBXBuildFile; fileRef = 05681D862C137BEC0010F17E /* ServiceProvider.swift */; };
		05681D8B2C1390800010F17E /* MainView.swift in Sources */ = {isa = PBXBuildFile; fileRef = 05681D8A2C1390800010F17E /* MainView.swift */; };
		05681D8D2C1390B40010F17E /* MainViewProtocol.swift in Sources */ = {isa = PBXBuildFile; fileRef = 05681D8C2C1390B40010F17E /* MainViewProtocol.swift */; };
		05681D8F2C1390C00010F17E /* MainViewDelegate.swift in Sources */ = {isa = PBXBuildFile; fileRef = 05681D8E2C1390C00010F17E /* MainViewDelegate.swift */; };
		05681D912C17428D0010F17E /* UIImageExtansion.swift in Sources */ = {isa = PBXBuildFile; fileRef = 05681D902C17428D0010F17E /* UIImageExtansion.swift */; };
		05681D932C174BE00010F17E /* NewsCollectionViewCell.swift in Sources */ = {isa = PBXBuildFile; fileRef = 05681D922C174BE00010F17E /* NewsCollectionViewCell.swift */; };
		05681D972C17914E0010F17E /* Category.swift in Sources */ = {isa = PBXBuildFile; fileRef = 05681D962C17914E0010F17E /* Category.swift */; };
		05B785CB2C3865920075572F /* NewsCell.xib in Resources */ = {isa = PBXBuildFile; fileRef = 05B785CA2C3865910075572F /* NewsCell.xib */; };
		05B785CD2C3C18EE0075572F /* RoundedView.swift in Sources */ = {isa = PBXBuildFile; fileRef = 05B785CC2C3C18EE0075572F /* RoundedView.swift */; };
		05C6DADC2C1CBAE8005628B1 /* DetailsViewController.swift in Sources */ = {isa = PBXBuildFile; fileRef = 05C6DADB2C1CBAE8005628B1 /* DetailsViewController.swift */; };
/* End PBXBuildFile section */

/* Begin PBXFileReference section */
		05445E242C2341A400DD5F54 /* CategoryCollectionViewCell.swift */ = {isa = PBXFileReference; lastKnownFileType = sourcecode.swift; path = CategoryCollectionViewCell.swift; sourceTree = "<group>"; };
		05445E262C2378E200DD5F54 /* CoreDataService.swift */ = {isa = PBXFileReference; lastKnownFileType = sourcecode.swift; path = CoreDataService.swift; sourceTree = "<group>"; };
		05445E282C23791A00DD5F54 /* CoreDataServiceProtocol.swift */ = {isa = PBXFileReference; lastKnownFileType = sourcecode.swift; path = CoreDataServiceProtocol.swift; sourceTree = "<group>"; };
		05445E2A2C237A4C00DD5F54 /* CoreDataService+News.swift */ = {isa = PBXFileReference; lastKnownFileType = sourcecode.swift; path = "CoreDataService+News.swift"; sourceTree = "<group>"; };
		05445E472C242DF300DD5F54 /* CDNewsInfo+CoreDataClass.swift */ = {isa = PBXFileReference; lastKnownFileType = sourcecode.swift; path = "CDNewsInfo+CoreDataClass.swift"; sourceTree = "<group>"; };
		05445E482C242DF300DD5F54 /* CDNewsInfo+CoreDataProperties.swift */ = {isa = PBXFileReference; lastKnownFileType = sourcecode.swift; path = "CDNewsInfo+CoreDataProperties.swift"; sourceTree = "<group>"; };
		05445E4B2C24599D00DD5F54 /* DateFormatterHelper.swift */ = {isa = PBXFileReference; lastKnownFileType = sourcecode.swift; path = DateFormatterHelper.swift; sourceTree = "<group>"; };
		05445E4D2C24690300DD5F54 /* BookmarkViewController.swift */ = {isa = PBXFileReference; lastKnownFileType = sourcecode.swift; path = BookmarkViewController.swift; sourceTree = "<group>"; };
		05445E502C246A0500DD5F54 /* BookmarkCell.swift */ = {isa = PBXFileReference; lastKnownFileType = sourcecode.swift; path = BookmarkCell.swift; sourceTree = "<group>"; };
		05445E612C36E96B00DD5F54 /* BookmarkDetailsViewController.swift */ = {isa = PBXFileReference; lastKnownFileType = sourcecode.swift; path = BookmarkDetailsViewController.swift; sourceTree = "<group>"; };
		05445E632C37205200DD5F54 /* BookmarkDelegate.swift */ = {isa = PBXFileReference; lastKnownFileType = sourcecode.swift; path = BookmarkDelegate.swift; sourceTree = "<group>"; };
		05681D4F2C133EE70010F17E /* NewsClient.app */ = {isa = PBXFileReference; explicitFileType = wrapper.application; includeInIndex = 0; path = NewsClient.app; sourceTree = BUILT_PRODUCTS_DIR; };
		05681D522C133EE70010F17E /* AppDelegate.swift */ = {isa = PBXFileReference; lastKnownFileType = sourcecode.swift; path = AppDelegate.swift; sourceTree = "<group>"; };
		05681D542C133EE70010F17E /* SceneDelegate.swift */ = {isa = PBXFileReference; lastKnownFileType = sourcecode.swift; path = SceneDelegate.swift; sourceTree = "<group>"; };
		05681D562C133EE70010F17E /* MainViewController.swift */ = {isa = PBXFileReference; lastKnownFileType = sourcecode.swift; path = MainViewController.swift; sourceTree = "<group>"; };
		05681D592C133EE70010F17E /* Base */ = {isa = PBXFileReference; lastKnownFileType = file.storyboard; name = Base; path = Base.lproj/Main.storyboard; sourceTree = "<group>"; };
		05681D5C2C133EE70010F17E /* NewsClient.xcdatamodel */ = {isa = PBXFileReference; lastKnownFileType = wrapper.xcdatamodel; path = NewsClient.xcdatamodel; sourceTree = "<group>"; };
		05681D5E2C133EE90010F17E /* Assets.xcassets */ = {isa = PBXFileReference; lastKnownFileType = folder.assetcatalog; path = Assets.xcassets; sourceTree = "<group>"; };
		05681D612C133EE90010F17E /* Base */ = {isa = PBXFileReference; lastKnownFileType = file.storyboard; name = Base; path = Base.lproj/LaunchScreen.storyboard; sourceTree = "<group>"; };
		05681D632C133EE90010F17E /* Info.plist */ = {isa = PBXFileReference; lastKnownFileType = text.plist.xml; path = Info.plist; sourceTree = "<group>"; };
		05681D732C135F6E0010F17E /* DMNewsInfo.swift */ = {isa = PBXFileReference; lastKnownFileType = sourcecode.swift; path = DMNewsInfo.swift; sourceTree = "<group>"; };
		05681D752C1367500010F17E /* NetworkService.swift */ = {isa = PBXFileReference; lastKnownFileType = sourcecode.swift; path = NetworkService.swift; sourceTree = "<group>"; };
		05681D772C1369BD0010F17E /* APIConstants.swift */ = {isa = PBXFileReference; lastKnownFileType = sourcecode.swift; path = APIConstants.swift; sourceTree = "<group>"; };
		05681D792C1371640010F17E /* NetworkServiceProtocol.swift */ = {isa = PBXFileReference; lastKnownFileType = sourcecode.swift; path = NetworkServiceProtocol.swift; sourceTree = "<group>"; };
		05681D7B2C1371B90010F17E /* Network + News.swift */ = {isa = PBXFileReference; lastKnownFileType = sourcecode.swift; path = "Network + News.swift"; sourceTree = "<group>"; };
		05681D7D2C1372B70010F17E /* Country.swift */ = {isa = PBXFileReference; lastKnownFileType = sourcecode.swift; path = Country.swift; sourceTree = "<group>"; };
		05681D802C137A7B0010F17E /* MainModel.swift */ = {isa = PBXFileReference; lastKnownFileType = sourcecode.swift; path = MainModel.swift; sourceTree = "<group>"; };
		05681D822C137A900010F17E /* MainModelProtocol.swift */ = {isa = PBXFileReference; lastKnownFileType = sourcecode.swift; path = MainModelProtocol.swift; sourceTree = "<group>"; };
		05681D842C137AA80010F17E /* MainModelDelegate.swift */ = {isa = PBXFileReference; lastKnownFileType = sourcecode.swift; path = MainModelDelegate.swift; sourceTree = "<group>"; };
		05681D862C137BEC0010F17E /* ServiceProvider.swift */ = {isa = PBXFileReference; lastKnownFileType = sourcecode.swift; path = ServiceProvider.swift; sourceTree = "<group>"; };
		05681D8A2C1390800010F17E /* MainView.swift */ = {isa = PBXFileReference; lastKnownFileType = sourcecode.swift; path = MainView.swift; sourceTree = "<group>"; };
		05681D8C2C1390B40010F17E /* MainViewProtocol.swift */ = {isa = PBXFileReference; lastKnownFileType = sourcecode.swift; path = MainViewProtocol.swift; sourceTree = "<group>"; };
		05681D8E2C1390C00010F17E /* MainViewDelegate.swift */ = {isa = PBXFileReference; lastKnownFileType = sourcecode.swift; path = MainViewDelegate.swift; sourceTree = "<group>"; };
		05681D902C17428D0010F17E /* UIImageExtansion.swift */ = {isa = PBXFileReference; lastKnownFileType = sourcecode.swift; path = UIImageExtansion.swift; sourceTree = "<group>"; };
		05681D922C174BE00010F17E /* NewsCollectionViewCell.swift */ = {isa = PBXFileReference; lastKnownFileType = sourcecode.swift; path = NewsCollectionViewCell.swift; sourceTree = "<group>"; };
		05681D962C17914E0010F17E /* Category.swift */ = {isa = PBXFileReference; lastKnownFileType = sourcecode.swift; path = Category.swift; sourceTree = "<group>"; };
		05B785CA2C3865910075572F /* NewsCell.xib */ = {isa = PBXFileReference; lastKnownFileType = file.xib; path = NewsCell.xib; sourceTree = "<group>"; };
		05B785CC2C3C18EE0075572F /* RoundedView.swift */ = {isa = PBXFileReference; lastKnownFileType = sourcecode.swift; path = RoundedView.swift; sourceTree = "<group>"; };
		05C6DADB2C1CBAE8005628B1 /* DetailsViewController.swift */ = {isa = PBXFileReference; lastKnownFileType = sourcecode.swift; path = DetailsViewController.swift; sourceTree = "<group>"; };
/* End PBXFileReference section */

/* Begin PBXFrameworksBuildPhase section */
		05681D4C2C133EE70010F17E /* Frameworks */ = {
			isa = PBXFrameworksBuildPhase;
			buildActionMask = 2147483647;
			files = (
			);
			runOnlyForDeploymentPostprocessing = 0;
		};
/* End PBXFrameworksBuildPhase section */

/* Begin PBXGroup section */
		05445E4F2C24690A00DD5F54 /* Bookmark */ = {
			isa = PBXGroup;
			children = (
				05445E4D2C24690300DD5F54 /* BookmarkViewController.swift */,
				05445E502C246A0500DD5F54 /* BookmarkCell.swift */,
				05445E632C37205200DD5F54 /* BookmarkDelegate.swift */,
			);
			path = Bookmark;
			sourceTree = "<group>";
		};
		05681D462C133EE70010F17E = {
			isa = PBXGroup;
			children = (
				05681D512C133EE70010F17E /* NewsClient */,
				05681D502C133EE70010F17E /* Products */,
			);
			sourceTree = "<group>";
		};
		05681D502C133EE70010F17E /* Products */ = {
			isa = PBXGroup;
			children = (
				05681D4F2C133EE70010F17E /* NewsClient.app */,
			);
			name = Products;
			sourceTree = "<group>";
		};
		05681D512C133EE70010F17E /* NewsClient */ = {
			isa = PBXGroup;
			children = (
				05681D6A2C135CCD0010F17E /* Resource */,
				05681D692C135CA30010F17E /* Source */,
			);
			path = NewsClient;
			sourceTree = "<group>";
		};
		05681D692C135CA30010F17E /* Source */ = {
			isa = PBXGroup;
			children = (
				05681D6B2C135E1B0010F17E /* Service */,
				05681D6C2C135E280010F17E /* Models */,
				05681D6D2C135E330010F17E /* Screens */,
				05681D542C133EE70010F17E /* SceneDelegate.swift */,
				05681D522C133EE70010F17E /* AppDelegate.swift */,
			);
			path = Source;
			sourceTree = "<group>";
		};
		05681D6A2C135CCD0010F17E /* Resource */ = {
			isa = PBXGroup;
			children = (
				05681D582C133EE70010F17E /* Main.storyboard */,
				05B785CA2C3865910075572F /* NewsCell.xib */,
				05681D5E2C133EE90010F17E /* Assets.xcassets */,
				05681D632C133EE90010F17E /* Info.plist */,
				05681D5B2C133EE70010F17E /* NewsClient.xcdatamodeld */,
				05681D602C133EE90010F17E /* LaunchScreen.storyboard */,
				05681D902C17428D0010F17E /* UIImageExtansion.swift */,
				05B785CC2C3C18EE0075572F /* RoundedView.swift */,
				05445E4B2C24599D00DD5F54 /* DateFormatterHelper.swift */,
			);
			path = Resource;
			sourceTree = "<group>";
		};
		05681D6B2C135E1B0010F17E /* Service */ = {
			isa = PBXGroup;
			children = (
				05681D6F2C135E6B0010F17E /* CoreData */,
				05681D6E2C135E550010F17E /* Network */,
				05681D862C137BEC0010F17E /* ServiceProvider.swift */,
			);
			path = Service;
			sourceTree = "<group>";
		};
		05681D6C2C135E280010F17E /* Models */ = {
			isa = PBXGroup;
			children = (
				05681D702C135E820010F17E /* CoreData */,
				05681D712C135E900010F17E /* API */,
			);
			path = Models;
			sourceTree = "<group>";
		};
		05681D6D2C135E330010F17E /* Screens */ = {
			isa = PBXGroup;
			children = (
				05C6DAD82C1CBA80005628B1 /* Details */,
				05445E4F2C24690A00DD5F54 /* Bookmark */,
				05681D722C135EC20010F17E /* Main */,
			);
			path = Screens;
			sourceTree = "<group>";
		};
		05681D6E2C135E550010F17E /* Network */ = {
			isa = PBXGroup;
			children = (
				05681D752C1367500010F17E /* NetworkService.swift */,
				05681D772C1369BD0010F17E /* APIConstants.swift */,
				05681D792C1371640010F17E /* NetworkServiceProtocol.swift */,
				05681D7B2C1371B90010F17E /* Network + News.swift */,
			);
			path = Network;
			sourceTree = "<group>";
		};
		05681D6F2C135E6B0010F17E /* CoreData */ = {
			isa = PBXGroup;
			children = (
				05445E262C2378E200DD5F54 /* CoreDataService.swift */,
				05445E282C23791A00DD5F54 /* CoreDataServiceProtocol.swift */,
				05445E2A2C237A4C00DD5F54 /* CoreDataService+News.swift */,
			);
			path = CoreData;
			sourceTree = "<group>";
		};
		05681D702C135E820010F17E /* CoreData */ = {
			isa = PBXGroup;
			children = (
				05445E472C242DF300DD5F54 /* CDNewsInfo+CoreDataClass.swift */,
				05445E482C242DF300DD5F54 /* CDNewsInfo+CoreDataProperties.swift */,
			);
			path = CoreData;
			sourceTree = "<group>";
		};
		05681D712C135E900010F17E /* API */ = {
			isa = PBXGroup;
			children = (
				05681D732C135F6E0010F17E /* DMNewsInfo.swift */,
				05681D7D2C1372B70010F17E /* Country.swift */,
				05681D962C17914E0010F17E /* Category.swift */,
			);
			path = API;
			sourceTree = "<group>";
		};
		05681D722C135EC20010F17E /* Main */ = {
			isa = PBXGroup;
			children = (
				05681D882C137F640010F17E /* View */,
				05681D7F2C137A670010F17E /* Model */,
				05681D982C19F5B40010F17E /* ViewController */,
			);
			path = Main;
			sourceTree = "<group>";
		};
		05681D7F2C137A670010F17E /* Model */ = {
			isa = PBXGroup;
			children = (
				05681D802C137A7B0010F17E /* MainModel.swift */,
				05681D822C137A900010F17E /* MainModelProtocol.swift */,
				05681D842C137AA80010F17E /* MainModelDelegate.swift */,
			);
			path = Model;
			sourceTree = "<group>";
		};
		05681D882C137F640010F17E /* View */ = {
			isa = PBXGroup;
			children = (
				05B374D12C1C7154000BBD0C /* Cells */,
				05681D8A2C1390800010F17E /* MainView.swift */,
				05681D8C2C1390B40010F17E /* MainViewProtocol.swift */,
				05681D8E2C1390C00010F17E /* MainViewDelegate.swift */,
			);
			path = View;
			sourceTree = "<group>";
		};
		05681D982C19F5B40010F17E /* ViewController */ = {
			isa = PBXGroup;
			children = (
				05681D562C133EE70010F17E /* MainViewController.swift */,
			);
			path = ViewController;
			sourceTree = "<group>";
		};
		05B374D12C1C7154000BBD0C /* Cells */ = {
			isa = PBXGroup;
			children = (
				05681D922C174BE00010F17E /* NewsCollectionViewCell.swift */,
				05445E242C2341A400DD5F54 /* CategoryCollectionViewCell.swift */,
			);
			path = Cells;
			sourceTree = "<group>";
		};
		05C6DAD82C1CBA80005628B1 /* Details */ = {
			isa = PBXGroup;
			children = (
				05C6DADB2C1CBAE8005628B1 /* DetailsViewController.swift */,
				05445E612C36E96B00DD5F54 /* BookmarkDetailsViewController.swift */,
			);
			path = Details;
			sourceTree = "<group>";
		};
/* End PBXGroup section */

/* Begin PBXNativeTarget section */
		05681D4E2C133EE70010F17E /* NewsClient */ = {
			isa = PBXNativeTarget;
			buildConfigurationList = 05681D662C133EE90010F17E /* Build configuration list for PBXNativeTarget "NewsClient" */;
			buildPhases = (
				05681D4B2C133EE70010F17E /* Sources */,
				05681D4C2C133EE70010F17E /* Frameworks */,
				05681D4D2C133EE70010F17E /* Resources */,
			);
			buildRules = (
			);
			dependencies = (
			);
			name = NewsClient;
			productName = NewsClient;
			productReference = 05681D4F2C133EE70010F17E /* NewsClient.app */;
			productType = "com.apple.product-type.application";
		};
/* End PBXNativeTarget section */

/* Begin PBXProject section */
		05681D472C133EE70010F17E /* Project object */ = {
			isa = PBXProject;
			attributes = {
				BuildIndependentTargetsInParallel = 1;
				LastSwiftUpdateCheck = 1540;
				LastUpgradeCheck = 1540;
				TargetAttributes = {
					05681D4E2C133EE70010F17E = {
						CreatedOnToolsVersion = 15.4;
					};
				};
			};
			buildConfigurationList = 05681D4A2C133EE70010F17E /* Build configuration list for PBXProject "NewsClient" */;
			compatibilityVersion = "Xcode 14.0";
			developmentRegion = en;
			hasScannedForEncodings = 0;
			knownRegions = (
				en,
				Base,
			);
			mainGroup = 05681D462C133EE70010F17E;
			productRefGroup = 05681D502C133EE70010F17E /* Products */;
			projectDirPath = "";
			projectRoot = "";
			targets = (
				05681D4E2C133EE70010F17E /* NewsClient */,
			);
		};
/* End PBXProject section */

/* Begin PBXResourcesBuildPhase section */
		05681D4D2C133EE70010F17E /* Resources */ = {
			isa = PBXResourcesBuildPhase;
			buildActionMask = 2147483647;
			files = (
				05B785CB2C3865920075572F /* NewsCell.xib in Resources */,
				05681D5F2C133EE90010F17E /* Assets.xcassets in Resources */,
				05681D622C133EE90010F17E /* Base in Resources */,
				05681D5A2C133EE70010F17E /* Base in Resources */,
			);
			runOnlyForDeploymentPostprocessing = 0;
		};
/* End PBXResourcesBuildPhase section */

/* Begin PBXSourcesBuildPhase section */
		05681D4B2C133EE70010F17E /* Sources */ = {
			isa = PBXSourcesBuildPhase;
			buildActionMask = 2147483647;
			files = (
				05681D572C133EE70010F17E /* MainViewController.swift in Sources */,
				05681D912C17428D0010F17E /* UIImageExtansion.swift in Sources */,
				05445E642C37205200DD5F54 /* BookmarkDelegate.swift in Sources */,
				05681D782C1369BD0010F17E /* APIConstants.swift in Sources */,
				05C6DADC2C1CBAE8005628B1 /* DetailsViewController.swift in Sources */,
				05445E4E2C24690300DD5F54 /* BookmarkViewController.swift in Sources */,
				05445E272C2378E200DD5F54 /* CoreDataService.swift in Sources */,
				05681D872C137BEC0010F17E /* ServiceProvider.swift in Sources */,
				05681D8D2C1390B40010F17E /* MainViewProtocol.swift in Sources */,
				05681D532C133EE70010F17E /* AppDelegate.swift in Sources */,
				05681D852C137AA80010F17E /* MainModelDelegate.swift in Sources */,
				05445E2B2C237A4C00DD5F54 /* CoreDataService+News.swift in Sources */,
				05681D552C133EE70010F17E /* SceneDelegate.swift in Sources */,
				05681D7A2C1371640010F17E /* NetworkServiceProtocol.swift in Sources */,
				05681D932C174BE00010F17E /* NewsCollectionViewCell.swift in Sources */,
				05681D742C135F6E0010F17E /* DMNewsInfo.swift in Sources */,
				05681D972C17914E0010F17E /* Category.swift in Sources */,
				05681D812C137A7B0010F17E /* MainModel.swift in Sources */,
				05681D7C2C1371B90010F17E /* Network + News.swift in Sources */,
				05681D762C1367500010F17E /* NetworkService.swift in Sources */,
				05B785CD2C3C18EE0075572F /* RoundedView.swift in Sources */,
				05445E252C2341A400DD5F54 /* CategoryCollectionViewCell.swift in Sources */,
				05681D7E2C1372B70010F17E /* Country.swift in Sources */,
				05681D832C137A900010F17E /* MainModelProtocol.swift in Sources */,
				05445E292C23791A00DD5F54 /* CoreDataServiceProtocol.swift in Sources */,
				05445E622C36E96B00DD5F54 /* BookmarkDetailsViewController.swift in Sources */,
				05681D8B2C1390800010F17E /* MainView.swift in Sources */,
				05445E512C246A0500DD5F54 /* BookmarkCell.swift in Sources */,
				05681D5D2C133EE70010F17E /* NewsClient.xcdatamodeld in Sources */,
				05445E492C242DF300DD5F54 /* CDNewsInfo+CoreDataClass.swift in Sources */,
				05445E4A2C242DF300DD5F54 /* CDNewsInfo+CoreDataProperties.swift in Sources */,
				05681D8F2C1390C00010F17E /* MainViewDelegate.swift in Sources */,
				05445E4C2C24599D00DD5F54 /* DateFormatterHelper.swift in Sources */,
			);
			runOnlyForDeploymentPostprocessing = 0;
		};
/* End PBXSourcesBuildPhase section */

/* Begin PBXVariantGroup section */
		05681D582C133EE70010F17E /* Main.storyboard */ = {
			isa = PBXVariantGroup;
			children = (
				05681D592C133EE70010F17E /* Base */,
			);
			name = Main.storyboard;
			sourceTree = "<group>";
		};
		05681D602C133EE90010F17E /* LaunchScreen.storyboard */ = {
			isa = PBXVariantGroup;
			children = (
				05681D612C133EE90010F17E /* Base */,
			);
			name = LaunchScreen.storyboard;
			sourceTree = "<group>";
		};
/* End PBXVariantGroup section */

/* Begin XCBuildConfiguration section */
		05681D642C133EE90010F17E /* Debug */ = {
			isa = XCBuildConfiguration;
			buildSettings = {
				ALWAYS_SEARCH_USER_PATHS = NO;
				ASSETCATALOG_COMPILER_GENERATE_SWIFT_ASSET_SYMBOL_EXTENSIONS = YES;
				CLANG_ANALYZER_NONNULL = YES;
				CLANG_ANALYZER_NUMBER_OBJECT_CONVERSION = YES_AGGRESSIVE;
				CLANG_CXX_LANGUAGE_STANDARD = "gnu++20";
				CLANG_ENABLE_MODULES = YES;
				CLANG_ENABLE_OBJC_ARC = YES;
				CLANG_ENABLE_OBJC_WEAK = YES;
				CLANG_WARN_BLOCK_CAPTURE_AUTORELEASING = YES;
				CLANG_WARN_BOOL_CONVERSION = YES;
				CLANG_WARN_COMMA = YES;
				CLANG_WARN_CONSTANT_CONVERSION = YES;
				CLANG_WARN_DEPRECATED_OBJC_IMPLEMENTATIONS = YES;
				CLANG_WARN_DIRECT_OBJC_ISA_USAGE = YES_ERROR;
				CLANG_WARN_DOCUMENTATION_COMMENTS = YES;
				CLANG_WARN_EMPTY_BODY = YES;
				CLANG_WARN_ENUM_CONVERSION = YES;
				CLANG_WARN_INFINITE_RECURSION = YES;
				CLANG_WARN_INT_CONVERSION = YES;
				CLANG_WARN_NON_LITERAL_NULL_CONVERSION = YES;
				CLANG_WARN_OBJC_IMPLICIT_RETAIN_SELF = YES;
				CLANG_WARN_OBJC_LITERAL_CONVERSION = YES;
				CLANG_WARN_OBJC_ROOT_CLASS = YES_ERROR;
				CLANG_WARN_QUOTED_INCLUDE_IN_FRAMEWORK_HEADER = YES;
				CLANG_WARN_RANGE_LOOP_ANALYSIS = YES;
				CLANG_WARN_STRICT_PROTOTYPES = YES;
				CLANG_WARN_SUSPICIOUS_MOVE = YES;
				CLANG_WARN_UNGUARDED_AVAILABILITY = YES_AGGRESSIVE;
				CLANG_WARN_UNREACHABLE_CODE = YES;
				CLANG_WARN__DUPLICATE_METHOD_MATCH = YES;
				COPY_PHASE_STRIP = NO;
				DEBUG_INFORMATION_FORMAT = dwarf;
				ENABLE_STRICT_OBJC_MSGSEND = YES;
				ENABLE_TESTABILITY = YES;
				ENABLE_USER_SCRIPT_SANDBOXING = YES;
				GCC_C_LANGUAGE_STANDARD = gnu17;
				GCC_DYNAMIC_NO_PIC = NO;
				GCC_NO_COMMON_BLOCKS = YES;
				GCC_OPTIMIZATION_LEVEL = 0;
				GCC_PREPROCESSOR_DEFINITIONS = (
					"DEBUG=1",
					"$(inherited)",
				);
				GCC_WARN_64_TO_32_BIT_CONVERSION = YES;
				GCC_WARN_ABOUT_RETURN_TYPE = YES_ERROR;
				GCC_WARN_UNDECLARED_SELECTOR = YES;
				GCC_WARN_UNINITIALIZED_AUTOS = YES_AGGRESSIVE;
				GCC_WARN_UNUSED_FUNCTION = YES;
				GCC_WARN_UNUSED_VARIABLE = YES;
				IPHONEOS_DEPLOYMENT_TARGET = 17.5;
				LOCALIZATION_PREFERS_STRING_CATALOGS = YES;
				MTL_ENABLE_DEBUG_INFO = INCLUDE_SOURCE;
				MTL_FAST_MATH = YES;
				ONLY_ACTIVE_ARCH = YES;
				SDKROOT = iphoneos;
				SWIFT_ACTIVE_COMPILATION_CONDITIONS = "DEBUG $(inherited)";
				SWIFT_OPTIMIZATION_LEVEL = "-Onone";
			};
			name = Debug;
		};
		05681D652C133EE90010F17E /* Release */ = {
			isa = XCBuildConfiguration;
			buildSettings = {
				ALWAYS_SEARCH_USER_PATHS = NO;
				ASSETCATALOG_COMPILER_GENERATE_SWIFT_ASSET_SYMBOL_EXTENSIONS = YES;
				CLANG_ANALYZER_NONNULL = YES;
				CLANG_ANALYZER_NUMBER_OBJECT_CONVERSION = YES_AGGRESSIVE;
				CLANG_CXX_LANGUAGE_STANDARD = "gnu++20";
				CLANG_ENABLE_MODULES = YES;
				CLANG_ENABLE_OBJC_ARC = YES;
				CLANG_ENABLE_OBJC_WEAK = YES;
				CLANG_WARN_BLOCK_CAPTURE_AUTORELEASING = YES;
				CLANG_WARN_BOOL_CONVERSION = YES;
				CLANG_WARN_COMMA = YES;
				CLANG_WARN_CONSTANT_CONVERSION = YES;
				CLANG_WARN_DEPRECATED_OBJC_IMPLEMENTATIONS = YES;
				CLANG_WARN_DIRECT_OBJC_ISA_USAGE = YES_ERROR;
				CLANG_WARN_DOCUMENTATION_COMMENTS = YES;
				CLANG_WARN_EMPTY_BODY = YES;
				CLANG_WARN_ENUM_CONVERSION = YES;
				CLANG_WARN_INFINITE_RECURSION = YES;
				CLANG_WARN_INT_CONVERSION = YES;
				CLANG_WARN_NON_LITERAL_NULL_CONVERSION = YES;
				CLANG_WARN_OBJC_IMPLICIT_RETAIN_SELF = YES;
				CLANG_WARN_OBJC_LITERAL_CONVERSION = YES;
				CLANG_WARN_OBJC_ROOT_CLASS = YES_ERROR;
				CLANG_WARN_QUOTED_INCLUDE_IN_FRAMEWORK_HEADER = YES;
				CLANG_WARN_RANGE_LOOP_ANALYSIS = YES;
				CLANG_WARN_STRICT_PROTOTYPES = YES;
				CLANG_WARN_SUSPICIOUS_MOVE = YES;
				CLANG_WARN_UNGUARDED_AVAILABILITY = YES_AGGRESSIVE;
				CLANG_WARN_UNREACHABLE_CODE = YES;
				CLANG_WARN__DUPLICATE_METHOD_MATCH = YES;
				COPY_PHASE_STRIP = NO;
				DEBUG_INFORMATION_FORMAT = "dwarf-with-dsym";
				ENABLE_NS_ASSERTIONS = NO;
				ENABLE_STRICT_OBJC_MSGSEND = YES;
				ENABLE_USER_SCRIPT_SANDBOXING = YES;
				GCC_C_LANGUAGE_STANDARD = gnu17;
				GCC_NO_COMMON_BLOCKS = YES;
				GCC_WARN_64_TO_32_BIT_CONVERSION = YES;
				GCC_WARN_ABOUT_RETURN_TYPE = YES_ERROR;
				GCC_WARN_UNDECLARED_SELECTOR = YES;
				GCC_WARN_UNINITIALIZED_AUTOS = YES_AGGRESSIVE;
				GCC_WARN_UNUSED_FUNCTION = YES;
				GCC_WARN_UNUSED_VARIABLE = YES;
				IPHONEOS_DEPLOYMENT_TARGET = 17.5;
				LOCALIZATION_PREFERS_STRING_CATALOGS = YES;
				MTL_ENABLE_DEBUG_INFO = NO;
				MTL_FAST_MATH = YES;
				SDKROOT = iphoneos;
				SWIFT_COMPILATION_MODE = wholemodule;
				VALIDATE_PRODUCT = YES;
			};
			name = Release;
		};
		05681D672C133EE90010F17E /* Debug */ = {
			isa = XCBuildConfiguration;
			buildSettings = {
				ASSETCATALOG_COMPILER_APPICON_NAME = AppIcon;
				ASSETCATALOG_COMPILER_GLOBAL_ACCENT_COLOR_NAME = AccentColor;
				CODE_SIGN_STYLE = Automatic;
				CURRENT_PROJECT_VERSION = 1;
				DEVELOPMENT_TEAM = 8FC554SRDM;
				GENERATE_INFOPLIST_FILE = YES;
				INFOPLIST_FILE = NewsClient/Resource/Info.plist;
				INFOPLIST_KEY_UIApplicationSupportsIndirectInputEvents = YES;
				INFOPLIST_KEY_UILaunchStoryboardName = LaunchScreen;
				INFOPLIST_KEY_UIMainStoryboardFile = Main;
				INFOPLIST_KEY_UISupportedInterfaceOrientations_iPad = "UIInterfaceOrientationPortrait UIInterfaceOrientationPortraitUpsideDown UIInterfaceOrientationLandscapeLeft UIInterfaceOrientationLandscapeRight";
				INFOPLIST_KEY_UISupportedInterfaceOrientations_iPhone = "UIInterfaceOrientationPortrait UIInterfaceOrientationLandscapeLeft UIInterfaceOrientationLandscapeRight";
				LD_RUNPATH_SEARCH_PATHS = (
					"$(inherited)",
					"@executable_path/Frameworks",
				);
				MARKETING_VERSION = 1.0;
				PRODUCT_BUNDLE_IDENTIFIER = ZhukMaryna.NewsClient;
				PRODUCT_NAME = "$(TARGET_NAME)";
				SWIFT_EMIT_LOC_STRINGS = YES;
				SWIFT_VERSION = 5.0;
				TARGETED_DEVICE_FAMILY = "1,2";
			};
			name = Debug;
		};
		05681D682C133EE90010F17E /* Release */ = {
			isa = XCBuildConfiguration;
			buildSettings = {
				ASSETCATALOG_COMPILER_APPICON_NAME = AppIcon;
				ASSETCATALOG_COMPILER_GLOBAL_ACCENT_COLOR_NAME = AccentColor;
				CODE_SIGN_STYLE = Automatic;
				CURRENT_PROJECT_VERSION = 1;
				DEVELOPMENT_TEAM = 8FC554SRDM;
				GENERATE_INFOPLIST_FILE = YES;
				INFOPLIST_FILE = NewsClient/Resource/Info.plist;
				INFOPLIST_KEY_UIApplicationSupportsIndirectInputEvents = YES;
				INFOPLIST_KEY_UILaunchStoryboardName = LaunchScreen;
				INFOPLIST_KEY_UIMainStoryboardFile = Main;
				INFOPLIST_KEY_UISupportedInterfaceOrientations_iPad = "UIInterfaceOrientationPortrait UIInterfaceOrientationPortraitUpsideDown UIInterfaceOrientationLandscapeLeft UIInterfaceOrientationLandscapeRight";
				INFOPLIST_KEY_UISupportedInterfaceOrientations_iPhone = "UIInterfaceOrientationPortrait UIInterfaceOrientationLandscapeLeft UIInterfaceOrientationLandscapeRight";
				LD_RUNPATH_SEARCH_PATHS = (
					"$(inherited)",
					"@executable_path/Frameworks",
				);
				MARKETING_VERSION = 1.0;
				PRODUCT_BUNDLE_IDENTIFIER = ZhukMaryna.NewsClient;
				PRODUCT_NAME = "$(TARGET_NAME)";
				SWIFT_EMIT_LOC_STRINGS = YES;
				SWIFT_VERSION = 5.0;
				TARGETED_DEVICE_FAMILY = "1,2";
			};
			name = Release;
		};
/* End XCBuildConfiguration section */

/* Begin XCConfigurationList section */
		05681D4A2C133EE70010F17E /* Build configuration list for PBXProject "NewsClient" */ = {
			isa = XCConfigurationList;
			buildConfigurations = (
				05681D642C133EE90010F17E /* Debug */,
				05681D652C133EE90010F17E /* Release */,
			);
			defaultConfigurationIsVisible = 0;
			defaultConfigurationName = Release;
		};
		05681D662C133EE90010F17E /* Build configuration list for PBXNativeTarget "NewsClient" */ = {
			isa = XCConfigurationList;
			buildConfigurations = (
				05681D672C133EE90010F17E /* Debug */,
				05681D682C133EE90010F17E /* Release */,
			);
			defaultConfigurationIsVisible = 0;
			defaultConfigurationName = Release;
		};
/* End XCConfigurationList section */

/* Begin XCVersionGroup section */
		05681D5B2C133EE70010F17E /* NewsClient.xcdatamodeld */ = {
			isa = XCVersionGroup;
			children = (
				05681D5C2C133EE70010F17E /* NewsClient.xcdatamodel */,
			);
			currentVersion = 05681D5C2C133EE70010F17E /* NewsClient.xcdatamodel */;
			path = NewsClient.xcdatamodeld;
			sourceTree = "<group>";
			versionGroupType = wrapper.xcdatamodel;
		};
/* End XCVersionGroup section */
	};
	rootObject = 05681D472C133EE70010F17E /* Project object */;
}
